<?xml version="1.0" encoding="UTF-8"?>
<Project ToolsVersion="4.0" xmlns="http://schemas.microsoft.com/developer/msbuild/2003">
  <ItemGroup>
    <Filter Include="include">
      <UniqueIdentifier>{841a7bc3-5c5d-46f2-86c4-049b3d7e33e1}</UniqueIdentifier>
    </Filter>
    <Filter Include="source">
      <UniqueIdentifier>{7c48b531-1660-46a9-bd14-d4566fa9630d}</UniqueIdentifier>
    </Filter>
    <ClInclude Include="C:\GameDev\BearSDK\projects\bear\bearrender\bearrender_dx\source\DX12PCH.h">
      <Filter>include</Filter>
    </ClInclude>
    <ClInclude Include="C:\GameDev\BearSDK\projects\bear\bearrender\bearrender_dx\include\d3d12video.h">
      <Filter>include</Filter>
    </ClInclude>
    <ClInclude Include="C:\GameDev\BearSDK\projects\bear\bearrender\bearrender_dx\include\d3d12_1.h">
      <Filter>include</Filter>
    </ClInclude>
    <ClInclude Include="C:\GameDev\BearSDK\projects\bear\bearrender\bearrender_dx\include\d3dx12.h">
      <Filter>include</Filter>
    </ClInclude>
    <ClInclude Include="C:\GameDev\BearSDK\projects\bear\bearrender\bearrender_dx\source\DX12RenderFactory.h">
      <Filter>include</Filter>
    </ClInclude>
    <ClInclude Include="C:\GameDev\BearSDK\projects\bear\bearrender\bearrender_dx\source\DX12RenderInterface.h">
      <Filter>include</Filter>
    </ClInclude>
    <ClCompile Include="C:\GameDev\BearSDK\projects\bear\bearrender\bearrender_dx\source\DX12PCH.cpp">
      <Filter>source</Filter>
    </ClCompile>
    <ClCompile Include="C:\GameDev\BearSDK\projects\bear\bearrender\bearrender_dx\source\DX12Render.cpp">
      <Filter>source</Filter>
    </ClCompile>
    <ClCompile Include="C:\GameDev\BearSDK\projects\bear\bearrender\bearrender_dx\source\DX12RenderFactory.cpp">
      <Filter>source</Filter>
    </ClCompile>
    <ClCompile Include="C:\GameDev\BearSDK\projects\bear\bearrender\bearrender_dx\source\DX12RenderInterface.cpp">
      <Filter>source</Filter>
    </ClCompile>
  </ItemGroup>
</Project>